// !$*UTF8*$!
{
	archiveVersion = 1;
	classes = {
	};
	objectVersion = 70;
	objects = {

/* Begin PBXBuildFile section */
		08F31AF876CBBE10BC5197CE /* DailyUserCount.swift in Sources */ = {isa = PBXBuildFile; fileRef = 7D501EAA60D43E92923F237E /* DailyUserCount.swift */; };
		0A8AA28843B3A85038ABBE45 /* amplifyconfiguration.json in Resources */ = {isa = PBXBuildFile; fileRef = 96148716EF24226B550FAF08 /* amplifyconfiguration.json */; };
		0AE2AF557D5417132C04B84C /* UserChatRooms+Schema.swift in Sources */ = {isa = PBXBuildFile; fileRef = 61BC4FDC4FBA16B287601E1C /* UserChatRooms+Schema.swift */; };
		0BC771A750D0D3944CA5FA96 /* Attendance.swift in Sources */ = {isa = PBXBuildFile; fileRef = 63DD270F84412E58D46658A5 /* Attendance.swift */; };
		159EAB664563051D4D02F268 /* Post+Schema.swift in Sources */ = {isa = PBXBuildFile; fileRef = CD5BE2B379D82C75B014C5CE /* Post+Schema.swift */; };
		16C9F523DC8BA3B9E75D3879 /* DailyUserCount+Schema.swift in Sources */ = {isa = PBXBuildFile; fileRef = EE67C374449B3CE85360ACF7 /* DailyUserCount+Schema.swift */; };
		23885C44BD1583A2800B4C06 /* Review+Schema.swift in Sources */ = {isa = PBXBuildFile; fileRef = A74A3A8E73DFB2B23B9F0067 /* Review+Schema.swift */; };
		2CAD03755C851FA1B75EE02D /* Review.swift in Sources */ = {isa = PBXBuildFile; fileRef = AE42145BE70C360706D92336 /* Review.swift */; };
		3474B93EA00C21D7A3DDFBF8 /* Event+Schema.swift in Sources */ = {isa = PBXBuildFile; fileRef = 9367310BAC19DBEC8A1E6883 /* Event+Schema.swift */; };
		377E184A71F811ED3FC3353F /* UserChatRooms.swift in Sources */ = {isa = PBXBuildFile; fileRef = 03A6404F2B5449B22C82F5B2 /* UserChatRooms.swift */; };
		42748682F9F388F3B12E0223 /* ChatRoom.swift in Sources */ = {isa = PBXBuildFile; fileRef = 82C26F0066861CCC36B37AD0 /* ChatRoom.swift */; };
		6403970383B1CF60D324C0B3 /* User.swift in Sources */ = {isa = PBXBuildFile; fileRef = E456E6A2933A24CC63F8C9F2 /* User.swift */; };
		754F6FD9A946B3CCBDE90417 /* Ticket.swift in Sources */ = {isa = PBXBuildFile; fileRef = 64577DAC10720EADB7F0D520 /* Ticket.swift */; };
		8304024E56364CF6B6FA78DB /* Message+Schema.swift in Sources */ = {isa = PBXBuildFile; fileRef = 72811794A4A8CB6C83F9C10D /* Message+Schema.swift */; };
		9F9A22652344BDC328BA683D /* Message.swift in Sources */ = {isa = PBXBuildFile; fileRef = 91D4B6CD6538F810B12FEED1 /* Message.swift */; };
		ACD735FE7536294206CAD5B6 /* ChatRoom+Schema.swift in Sources */ = {isa = PBXBuildFile; fileRef = 6A13EA29F6489AA8A3868293 /* ChatRoom+Schema.swift */; };
		B6F12E4BD05A47A67D947CB7 /* awsconfiguration.json in Resources */ = {isa = PBXBuildFile; fileRef = DF46BDBF469E16BDBDE290A9 /* awsconfiguration.json */; };
		B8C71EFB919ED22AA6A8CF86 /* Event.swift in Sources */ = {isa = PBXBuildFile; fileRef = 901AAFE76B16C0B526E44835 /* Event.swift */; };
		C57BA2AF2E574CF500E80A53 /* AuthService.swift in Sources */ = {isa = PBXBuildFile; fileRef = C57BA2AE2E574CF500E80A53 /* AuthService.swift */; };
		C57BA43E2E6D5CBA00E80A53 /* UnreadCounterVM.swift in Sources */ = {isa = PBXBuildFile; fileRef = C57BA43D2E6D5CBA00E80A53 /* UnreadCounterVM.swift */; };
		C57BA43F2E6D5CBA00E80A53 /* UnreadCounterVM.swift in Sources */ = {isa = PBXBuildFile; fileRef = C57BA43D2E6D5CBA00E80A53 /* UnreadCounterVM.swift */; };
		C57BA9562E7430D700E80A53 /* AmplifyModels.swift in Sources */ = {isa = PBXBuildFile; fileRef = 962CA66C4FFDE282448D9527 /* AmplifyModels.swift */; };
		C584B6D02C273AC000E4223E /* Colour.swift in Sources */ = {isa = PBXBuildFile; fileRef = C584B6CF2C273AC000E4223E /* Colour.swift */; };
		C59FCD962D54681700DBCA1B /* AWSAPIPlugin in Frameworks */ = {isa = PBXBuildFile; productRef = C59FCD952D54681700DBCA1B /* AWSAPIPlugin */; };
		C59FCD982D54681700DBCA1B /* AWSCognitoAuthPlugin in Frameworks */ = {isa = PBXBuildFile; productRef = C59FCD972D54681700DBCA1B /* AWSCognitoAuthPlugin */; };
		C59FCD9A2D54681700DBCA1B /* AWSDataStorePlugin in Frameworks */ = {isa = PBXBuildFile; productRef = C59FCD992D54681700DBCA1B /* AWSDataStorePlugin */; };
		C59FCD9C2D54681700DBCA1B /* AWSPluginsCore in Frameworks */ = {isa = PBXBuildFile; productRef = C59FCD9B2D54681700DBCA1B /* AWSPluginsCore */; };
		C59FCD9E2D54681700DBCA1B /* AWSS3StoragePlugin in Frameworks */ = {isa = PBXBuildFile; productRef = C59FCD9D2D54681700DBCA1B /* AWSS3StoragePlugin */; };
		C59FCDA02D54681700DBCA1B /* Amplify in Frameworks */ = {isa = PBXBuildFile; productRef = C59FCD9F2D54681700DBCA1B /* Amplify */; };
		C5BD1B532C1F2FBA00A7239A /* LoginView.swift in Sources */ = {isa = PBXBuildFile; fileRef = C5BD1B522C1F2FBA00A7239A /* LoginView.swift */; };
		C5BF9E432D83C32F0093C5A8 /* Cocoa.framework in Frameworks */ = {isa = PBXBuildFile; fileRef = C5BF9E422D83C32F0093C5A8 /* Cocoa.framework */; };
		C5BF9E452D83C32F0093C5A8 /* XcodeKit.framework in Frameworks */ = {isa = PBXBuildFile; fileRef = C5BF9E442D83C32F0093C5A8 /* XcodeKit.framework */; };
		C5DAE7DB2BFC7B220001E794 /* N3ONApp.swift in Sources */ = {isa = PBXBuildFile; fileRef = C5DAE7DA2BFC7B220001E794 /* N3ONApp.swift */; };
		C5DAE7DD2BFC7B220001E794 /* ContentView.swift in Sources */ = {isa = PBXBuildFile; fileRef = C5DAE7DC2BFC7B220001E794 /* ContentView.swift */; };
		C5DAE7DF2BFC7B240001E794 /* Assets.xcassets in Resources */ = {isa = PBXBuildFile; fileRef = C5DAE7DE2BFC7B240001E794 /* Assets.xcassets */; };
		C5DAE7E22BFC7B240001E794 /* Preview Assets.xcassets in Resources */ = {isa = PBXBuildFile; fileRef = C5DAE7E12BFC7B240001E794 /* Preview Assets.xcassets */; };
		C5DAE7E42BFC7B240001E794 /* Persistence.swift in Sources */ = {isa = PBXBuildFile; fileRef = C5DAE7E32BFC7B240001E794 /* Persistence.swift */; };
		C5DAE7E72BFC7B240001E794 /* N3ON.xcdatamodeld in Sources */ = {isa = PBXBuildFile; fileRef = C5DAE7E52BFC7B240001E794 /* N3ON.xcdatamodeld */; };
		C5DAE8012BFCFF0E0001E794 /* SignupView.swift in Sources */ = {isa = PBXBuildFile; fileRef = C5DAE8002BFCFF0E0001E794 /* SignupView.swift */; };
		C5DAE8032BFCFF700001E794 /* ConfirmationSignupView.swift in Sources */ = {isa = PBXBuildFile; fileRef = C5DAE8022BFCFF700001E794 /* ConfirmationSignupView.swift */; };
		C5DD98582DCDB45F00431EC5 /* Message+Equatable.swift in Sources */ = {isa = PBXBuildFile; fileRef = C5DD98572DCDB45F00431EC5 /* Message+Equatable.swift */; };
		C5DD98592DCDB45F00431EC5 /* Message+Equatable.swift in Sources */ = {isa = PBXBuildFile; fileRef = C5DD98572DCDB45F00431EC5 /* Message+Equatable.swift */; };
		C63B4C1D51229DA1F8D63C5A /* EndorsementRequest+Schema.swift in Sources */ = {isa = PBXBuildFile; fileRef = 920951C96D3F28623939EF53 /* EndorsementRequest+Schema.swift */; };
		CA3AF85CCBC7321939FCB01B /* Ticket+Schema.swift in Sources */ = {isa = PBXBuildFile; fileRef = 65F9AF290A229D3E21CE65A6 /* Ticket+Schema.swift */; };
		D1032F77A569357854DDC029 /* Venue+Schema.swift in Sources */ = {isa = PBXBuildFile; fileRef = D3748F13B443AF370BD7F2D1 /* Venue+Schema.swift */; };
		D1F962975CDB1592D2895257 /* EndorsementRequest.swift in Sources */ = {isa = PBXBuildFile; fileRef = 19DFCC314AFB9E4ADBDE533C /* EndorsementRequest.swift */; };
		F190EF1193BE9565E1FCE506 /* User+Schema.swift in Sources */ = {isa = PBXBuildFile; fileRef = 54CEAAC170CB0C39F62D3FC3 /* User+Schema.swift */; };
		F3D1DE6843FA3086E325D1C2 /* Venue.swift in Sources */ = {isa = PBXBuildFile; fileRef = 24A49DF9BBF50C65CBD13F2E /* Venue.swift */; };
		F6163EE2CBB6DAC6E8909745 /* Attendance+Schema.swift in Sources */ = {isa = PBXBuildFile; fileRef = E96BAE45D09C7310D74961C6 /* Attendance+Schema.swift */; };
/* End PBXBuildFile section */

/* Begin PBXCopyFilesBuildPhase section */
		C55E7B132C5AD4A200B142E2 /* Copy Headers */ = {
			isa = PBXCopyFilesBuildPhase;
			buildActionMask = 12;
			dstPath = "$(PUBLIC_HEADERS_FOLDER_PATH)";
			dstSubfolderSpec = 16;
			files = (
			);
			name = "Copy Headers";
			runOnlyForDeploymentPostprocessing = 0;
		};
/* End PBXCopyFilesBuildPhase section */

/* Begin PBXFileReference section */
		03A6404F2B5449B22C82F5B2 /* UserChatRooms.swift */ = {isa = PBXFileReference; explicitFileType = sourcecode.swift; name = UserChatRooms.swift; path = amplify/generated/models/UserChatRooms.swift; sourceTree = "<group>"; };
		19DFCC314AFB9E4ADBDE533C /* EndorsementRequest.swift */ = {isa = PBXFileReference; explicitFileType = sourcecode.swift; name = EndorsementRequest.swift; path = amplify/generated/models/EndorsementRequest.swift; sourceTree = "<group>"; };
		24A49DF9BBF50C65CBD13F2E /* Venue.swift */ = {isa = PBXFileReference; explicitFileType = sourcecode.swift; name = Venue.swift; path = amplify/generated/models/Venue.swift; sourceTree = "<group>"; };
		54CEAAC170CB0C39F62D3FC3 /* User+Schema.swift */ = {isa = PBXFileReference; explicitFileType = sourcecode.swift; name = "User+Schema.swift"; path = "amplify/generated/models/User+Schema.swift"; sourceTree = "<group>"; };
		61BC4FDC4FBA16B287601E1C /* UserChatRooms+Schema.swift */ = {isa = PBXFileReference; explicitFileType = sourcecode.swift; name = "UserChatRooms+Schema.swift"; path = "amplify/generated/models/UserChatRooms+Schema.swift"; sourceTree = "<group>"; };
		63DD270F84412E58D46658A5 /* Attendance.swift */ = {isa = PBXFileReference; explicitFileType = sourcecode.swift; name = Attendance.swift; path = amplify/generated/models/Attendance.swift; sourceTree = "<group>"; };
		64577DAC10720EADB7F0D520 /* Ticket.swift */ = {isa = PBXFileReference; explicitFileType = sourcecode.swift; name = Ticket.swift; path = amplify/generated/models/Ticket.swift; sourceTree = "<group>"; };
		65F9AF290A229D3E21CE65A6 /* Ticket+Schema.swift */ = {isa = PBXFileReference; explicitFileType = sourcecode.swift; name = "Ticket+Schema.swift"; path = "amplify/generated/models/Ticket+Schema.swift"; sourceTree = "<group>"; };
		6A13EA29F6489AA8A3868293 /* ChatRoom+Schema.swift */ = {isa = PBXFileReference; explicitFileType = sourcecode.swift; name = "ChatRoom+Schema.swift"; path = "amplify/generated/models/ChatRoom+Schema.swift"; sourceTree = "<group>"; };
		72811794A4A8CB6C83F9C10D /* Message+Schema.swift */ = {isa = PBXFileReference; explicitFileType = sourcecode.swift; name = "Message+Schema.swift"; path = "amplify/generated/models/Message+Schema.swift"; sourceTree = "<group>"; };
		7D501EAA60D43E92923F237E /* DailyUserCount.swift */ = {isa = PBXFileReference; explicitFileType = sourcecode.swift; name = DailyUserCount.swift; path = amplify/generated/models/DailyUserCount.swift; sourceTree = "<group>"; };
		82C26F0066861CCC36B37AD0 /* ChatRoom.swift */ = {isa = PBXFileReference; explicitFileType = sourcecode.swift; name = ChatRoom.swift; path = amplify/generated/models/ChatRoom.swift; sourceTree = "<group>"; };
		901AAFE76B16C0B526E44835 /* Event.swift */ = {isa = PBXFileReference; explicitFileType = sourcecode.swift; name = Event.swift; path = amplify/generated/models/Event.swift; sourceTree = "<group>"; };
		91D4B6CD6538F810B12FEED1 /* Message.swift */ = {isa = PBXFileReference; explicitFileType = sourcecode.swift; name = Message.swift; path = amplify/generated/models/Message.swift; sourceTree = "<group>"; };
		920951C96D3F28623939EF53 /* EndorsementRequest+Schema.swift */ = {isa = PBXFileReference; explicitFileType = sourcecode.swift; name = "EndorsementRequest+Schema.swift"; path = "amplify/generated/models/EndorsementRequest+Schema.swift"; sourceTree = "<group>"; };
		9367310BAC19DBEC8A1E6883 /* Event+Schema.swift */ = {isa = PBXFileReference; explicitFileType = sourcecode.swift; name = "Event+Schema.swift"; path = "amplify/generated/models/Event+Schema.swift"; sourceTree = "<group>"; };
		96148716EF24226B550FAF08 /* amplifyconfiguration.json */ = {isa = PBXFileReference; explicitFileType = text.json; path = amplifyconfiguration.json; sourceTree = "<group>"; };
		962CA66C4FFDE282448D9527 /* AmplifyModels.swift */ = {isa = PBXFileReference; explicitFileType = sourcecode.swift; name = AmplifyModels.swift; path = amplify/generated/models/AmplifyModels.swift; sourceTree = "<group>"; };
		A74A3A8E73DFB2B23B9F0067 /* Review+Schema.swift */ = {isa = PBXFileReference; explicitFileType = sourcecode.swift; name = "Review+Schema.swift"; path = "amplify/generated/models/Review+Schema.swift"; sourceTree = "<group>"; };
		AE2F018E27AF6FBA40412988 /* Post.swift */ = {isa = PBXFileReference; explicitFileType = sourcecode.swift; name = Post.swift; path = amplify/generated/models/Post.swift; sourceTree = "<group>"; };
		AE42145BE70C360706D92336 /* Review.swift */ = {isa = PBXFileReference; explicitFileType = sourcecode.swift; name = Review.swift; path = amplify/generated/models/Review.swift; sourceTree = "<group>"; };
		C55E7B0F2C50266900B142E2 /* Info.plist */ = {isa = PBXFileReference; lastKnownFileType = text.plist; path = Info.plist; sourceTree = "<group>"; };
		C57BA2AE2E574CF500E80A53 /* AuthService.swift */ = {isa = PBXFileReference; lastKnownFileType = sourcecode.swift; path = AuthService.swift; sourceTree = "<group>"; };
		C57BA43D2E6D5CBA00E80A53 /* UnreadCounterVM.swift */ = {isa = PBXFileReference; lastKnownFileType = sourcecode.swift; path = UnreadCounterVM.swift; sourceTree = "<group>"; };
		C584B6CF2C273AC000E4223E /* Colour.swift */ = {isa = PBXFileReference; lastKnownFileType = sourcecode.swift; path = Colour.swift; sourceTree = "<group>"; };
		C5BD1B522C1F2FBA00A7239A /* LoginView.swift */ = {isa = PBXFileReference; lastKnownFileType = sourcecode.swift; path = LoginView.swift; sourceTree = "<group>"; };
		C5BF9E412D83C32F0093C5A8 /* copilot source editor.appex */ = {isa = PBXFileReference; explicitFileType = "wrapper.app-extension"; includeInIndex = 0; path = "copilot source editor.appex"; sourceTree = BUILT_PRODUCTS_DIR; };
		C5BF9E422D83C32F0093C5A8 /* Cocoa.framework */ = {isa = PBXFileReference; lastKnownFileType = wrapper.framework; name = Cocoa.framework; path = Library/Frameworks/Cocoa.framework; sourceTree = DEVELOPER_DIR; };
		C5BF9E442D83C32F0093C5A8 /* XcodeKit.framework */ = {isa = PBXFileReference; lastKnownFileType = wrapper.framework; name = XcodeKit.framework; path = Library/Frameworks/XcodeKit.framework; sourceTree = DEVELOPER_DIR; };
		C5DAE7D72BFC7B220001E794 /* N3ON.app */ = {isa = PBXFileReference; explicitFileType = wrapper.application; includeInIndex = 0; path = N3ON.app; sourceTree = BUILT_PRODUCTS_DIR; };
		C5DAE7DA2BFC7B220001E794 /* N3ONApp.swift */ = {isa = PBXFileReference; lastKnownFileType = sourcecode.swift; path = N3ONApp.swift; sourceTree = "<group>"; };
		C5DAE7DC2BFC7B220001E794 /* ContentView.swift */ = {isa = PBXFileReference; lastKnownFileType = sourcecode.swift; path = ContentView.swift; sourceTree = "<group>"; };
		C5DAE7DE2BFC7B240001E794 /* Assets.xcassets */ = {isa = PBXFileReference; lastKnownFileType = folder.assetcatalog; path = Assets.xcassets; sourceTree = "<group>"; };
		C5DAE7E12BFC7B240001E794 /* Preview Assets.xcassets */ = {isa = PBXFileReference; lastKnownFileType = folder.assetcatalog; path = "Preview Assets.xcassets"; sourceTree = "<group>"; };
		C5DAE7E32BFC7B240001E794 /* Persistence.swift */ = {isa = PBXFileReference; lastKnownFileType = sourcecode.swift; path = Persistence.swift; sourceTree = "<group>"; };
		C5DAE7E62BFC7B240001E794 /* N3ON.xcdatamodel */ = {isa = PBXFileReference; lastKnownFileType = wrapper.xcdatamodel; path = N3ON.xcdatamodel; sourceTree = "<group>"; };
		C5DAE8002BFCFF0E0001E794 /* SignupView.swift */ = {isa = PBXFileReference; lastKnownFileType = sourcecode.swift; path = SignupView.swift; sourceTree = "<group>"; };
		C5DAE8022BFCFF700001E794 /* ConfirmationSignupView.swift */ = {isa = PBXFileReference; lastKnownFileType = sourcecode.swift; path = ConfirmationSignupView.swift; sourceTree = "<group>"; };
		C5DD98572DCDB45F00431EC5 /* Message+Equatable.swift */ = {isa = PBXFileReference; lastKnownFileType = sourcecode.swift; path = "Message+Equatable.swift"; sourceTree = "<group>"; };
		CD5BE2B379D82C75B014C5CE /* Post+Schema.swift */ = {isa = PBXFileReference; explicitFileType = sourcecode.swift; name = "Post+Schema.swift"; path = "amplify/generated/models/Post+Schema.swift"; sourceTree = "<group>"; };
		D3748F13B443AF370BD7F2D1 /* Venue+Schema.swift */ = {isa = PBXFileReference; explicitFileType = sourcecode.swift; name = "Venue+Schema.swift"; path = "amplify/generated/models/Venue+Schema.swift"; sourceTree = "<group>"; };
		DF46BDBF469E16BDBDE290A9 /* awsconfiguration.json */ = {isa = PBXFileReference; explicitFileType = text.json; path = awsconfiguration.json; sourceTree = "<group>"; };
		E456E6A2933A24CC63F8C9F2 /* User.swift */ = {isa = PBXFileReference; explicitFileType = sourcecode.swift; name = User.swift; path = amplify/generated/models/User.swift; sourceTree = "<group>"; };
		E96BAE45D09C7310D74961C6 /* Attendance+Schema.swift */ = {isa = PBXFileReference; explicitFileType = sourcecode.swift; name = "Attendance+Schema.swift"; path = "amplify/generated/models/Attendance+Schema.swift"; sourceTree = "<group>"; };
		EE67C374449B3CE85360ACF7 /* DailyUserCount+Schema.swift */ = {isa = PBXFileReference; explicitFileType = sourcecode.swift; name = "DailyUserCount+Schema.swift"; path = "amplify/generated/models/DailyUserCount+Schema.swift"; sourceTree = "<group>"; };
/* End PBXFileReference section */

/* Begin PBXFileSystemSynchronizedBuildFileExceptionSet section */
		C5098E782DD1E45F00BA39B6 /* PBXFileSystemSynchronizedBuildFileExceptionSet */ = {
			isa = PBXFileSystemSynchronizedBuildFileExceptionSet;
			membershipExceptions = (
				TabViewsUtilities/MapUtilities/MapExtensions.swift,
			);
			target = C5BF9E402D83C32F0093C5A8 /* copilot source editor */;
		};
		C57BAB852E76C73E00E80A53 /* PBXFileSystemSynchronizedBuildFileExceptionSet */ = {
			isa = PBXFileSystemSynchronizedBuildFileExceptionSet;
			membershipExceptions = (
				Event/Event.swift,
				UserProfile/EndorsementRequest.swift,
			);
			target = C5DAE7D62BFC7B220001E794 /* N3ON */;
		};
		C5BF9E4D2D83C32F0093C5A8 /* PBXFileSystemSynchronizedBuildFileExceptionSet */ = {
			isa = PBXFileSystemSynchronizedBuildFileExceptionSet;
			membershipExceptions = (
				Info.plist,
			);
			target = C5BF9E402D83C32F0093C5A8 /* copilot source editor */;
		};
/* End PBXFileSystemSynchronizedBuildFileExceptionSet section */

/* Begin PBXFileSystemSynchronizedRootGroup section */
		C5098E712DD1E2C800BA39B6 /* Utilities */ = {isa = PBXFileSystemSynchronizedRootGroup; exceptions = (C5098E782DD1E45F00BA39B6 /* PBXFileSystemSynchronizedBuildFileExceptionSet */, ); explicitFileTypes = {}; explicitFolders = (); path = Utilities; sourceTree = "<group>"; };
		C5098E722DD1E2DF00BA39B6 /* Visuals */ = {isa = PBXFileSystemSynchronizedRootGroup; exceptions = (C57BAB852E76C73E00E80A53 /* PBXFileSystemSynchronizedBuildFileExceptionSet */, ); explicitFileTypes = {}; explicitFolders = (); path = Visuals; sourceTree = "<group>"; };
		C5BF9E462D83C32F0093C5A8 /* copilot source editor */ = {isa = PBXFileSystemSynchronizedRootGroup; exceptions = (C5BF9E4D2D83C32F0093C5A8 /* PBXFileSystemSynchronizedBuildFileExceptionSet */, ); explicitFileTypes = {}; explicitFolders = (); path = "copilot source editor"; sourceTree = "<group>"; };
/* End PBXFileSystemSynchronizedRootGroup section */

/* Begin PBXFrameworksBuildPhase section */
		C5BF9E3E2D83C32F0093C5A8 /* Frameworks */ = {
			isa = PBXFrameworksBuildPhase;
			buildActionMask = 2147483647;
			files = (
				C5BF9E432D83C32F0093C5A8 /* Cocoa.framework in Frameworks */,
				C5BF9E452D83C32F0093C5A8 /* XcodeKit.framework in Frameworks */,
			);
			runOnlyForDeploymentPostprocessing = 0;
		};
		C5DAE7D42BFC7B220001E794 /* Frameworks */ = {
			isa = PBXFrameworksBuildPhase;
			buildActionMask = 2147483647;
			files = (
				C59FCD9E2D54681700DBCA1B /* AWSS3StoragePlugin in Frameworks */,
				C59FCD9C2D54681700DBCA1B /* AWSPluginsCore in Frameworks */,
				C59FCD9A2D54681700DBCA1B /* AWSDataStorePlugin in Frameworks */,
				C59FCDA02D54681700DBCA1B /* Amplify in Frameworks */,
				C59FCD962D54681700DBCA1B /* AWSAPIPlugin in Frameworks */,
				C59FCD982D54681700DBCA1B /* AWSCognitoAuthPlugin in Frameworks */,
			);
			runOnlyForDeploymentPostprocessing = 0;
		};
/* End PBXFrameworksBuildPhase section */

/* Begin PBXGroup section */
		0E9821FCC9D60CE43171D9FA /* AmplifyModels */ = {
			isa = PBXGroup;
			children = (
				C5DD98572DCDB45F00431EC5 /* Message+Equatable.swift */,
				962CA66C4FFDE282448D9527 /* AmplifyModels.swift */,
				54CEAAC170CB0C39F62D3FC3 /* User+Schema.swift */,
				E456E6A2933A24CC63F8C9F2 /* User.swift */,
				6A13EA29F6489AA8A3868293 /* ChatRoom+Schema.swift */,
				82C26F0066861CCC36B37AD0 /* ChatRoom.swift */,
				72811794A4A8CB6C83F9C10D /* Message+Schema.swift */,
				91D4B6CD6538F810B12FEED1 /* Message.swift */,
				61BC4FDC4FBA16B287601E1C /* UserChatRooms+Schema.swift */,
				03A6404F2B5449B22C82F5B2 /* UserChatRooms.swift */,
				D3748F13B443AF370BD7F2D1 /* Venue+Schema.swift */,
				24A49DF9BBF50C65CBD13F2E /* Venue.swift */,
				EE67C374449B3CE85360ACF7 /* DailyUserCount+Schema.swift */,
				7D501EAA60D43E92923F237E /* DailyUserCount.swift */,
				A74A3A8E73DFB2B23B9F0067 /* Review+Schema.swift */,
				AE42145BE70C360706D92336 /* Review.swift */,
				E96BAE45D09C7310D74961C6 /* Attendance+Schema.swift */,
				63DD270F84412E58D46658A5 /* Attendance.swift */,
				920951C96D3F28623939EF53 /* EndorsementRequest+Schema.swift */,
				19DFCC314AFB9E4ADBDE533C /* EndorsementRequest.swift */,
				9367310BAC19DBEC8A1E6883 /* Event+Schema.swift */,
				901AAFE76B16C0B526E44835 /* Event.swift */,
				CD5BE2B379D82C75B014C5CE /* Post+Schema.swift */,
				AE2F018E27AF6FBA40412988 /* Post.swift */,
				65F9AF290A229D3E21CE65A6 /* Ticket+Schema.swift */,
				64577DAC10720EADB7F0D520 /* Ticket.swift */,
			);
			name = AmplifyModels;
			sourceTree = "<group>";
		};
		3A58B46B177310E7F7C9C190 /* AmplifyConfig */ = {
			isa = PBXGroup;
			children = (
				DF46BDBF469E16BDBDE290A9 /* awsconfiguration.json */,
				96148716EF24226B550FAF08 /* amplifyconfiguration.json */,
			);
			name = AmplifyConfig;
			sourceTree = "<group>";
		};
		C5DAE7CE2BFC7B220001E794 = {
			isa = PBXGroup;
			children = (
				C57BA43D2E6D5CBA00E80A53 /* UnreadCounterVM.swift */,
				C5DAE7D92BFC7B220001E794 /* N3ON */,
				C5BF9E462D83C32F0093C5A8 /* copilot source editor */,
				C5DAE7D82BFC7B220001E794 /* Products */,
				3A58B46B177310E7F7C9C190 /* AmplifyConfig */,
				0E9821FCC9D60CE43171D9FA /* AmplifyModels */,
				C5DAE8122BFE7DF30001E794 /* Frameworks */,
			);
			sourceTree = "<group>";
		};
		C5DAE7D82BFC7B220001E794 /* Products */ = {
			isa = PBXGroup;
			children = (
				C5DAE7D72BFC7B220001E794 /* N3ON.app */,
				C5BF9E412D83C32F0093C5A8 /* copilot source editor.appex */,
			);
			name = Products;
			sourceTree = "<group>";
		};
		C5DAE7D92BFC7B220001E794 /* N3ON */ = {
			isa = PBXGroup;
			children = (
				C5098E722DD1E2DF00BA39B6 /* Visuals */,
				C5098E712DD1E2C800BA39B6 /* Utilities */,
				C55E7B0F2C50266900B142E2 /* Info.plist */,
				C5DAE7DA2BFC7B220001E794 /* N3ONApp.swift */,
				C5DAE7DC2BFC7B220001E794 /* ContentView.swift */,
				C5DAE81D2C0233170001E794 /* Login */,
				C5DAE7DE2BFC7B240001E794 /* Assets.xcassets */,
				C5DAE7E32BFC7B240001E794 /* Persistence.swift */,
				C5DAE7E02BFC7B240001E794 /* Preview Content */,
				C5DAE7E52BFC7B240001E794 /* N3ON.xcdatamodeld */,
			);
			path = N3ON;
			sourceTree = "<group>";
		};
		C5DAE7E02BFC7B240001E794 /* Preview Content */ = {
			isa = PBXGroup;
			children = (
				C5DAE7E12BFC7B240001E794 /* Preview Assets.xcassets */,
			);
			path = "Preview Content";
			sourceTree = "<group>";
		};
		C5DAE8122BFE7DF30001E794 /* Frameworks */ = {
			isa = PBXGroup;
			children = (
				C5BF9E422D83C32F0093C5A8 /* Cocoa.framework */,
				C5BF9E442D83C32F0093C5A8 /* XcodeKit.framework */,
			);
			name = Frameworks;
			sourceTree = "<group>";
		};
		C5DAE81D2C0233170001E794 /* Login */ = {
			isa = PBXGroup;
			children = (
				C5DAE8022BFCFF700001E794 /* ConfirmationSignupView.swift */,
				C5DAE8002BFCFF0E0001E794 /* SignupView.swift */,
				C5BD1B522C1F2FBA00A7239A /* LoginView.swift */,
				C584B6CF2C273AC000E4223E /* Colour.swift */,
				C57BA2AE2E574CF500E80A53 /* AuthService.swift */,
			);
			path = Login;
			sourceTree = "<group>";
		};
/* End PBXGroup section */

/* Begin PBXHeadersBuildPhase section */
		C55E7B142C5AD58200B142E2 /* Headers */ = {
			isa = PBXHeadersBuildPhase;
			buildActionMask = 2147483647;
			files = (
			);
			runOnlyForDeploymentPostprocessing = 0;
		};
/* End PBXHeadersBuildPhase section */

/* Begin PBXNativeTarget section */
		C5BF9E402D83C32F0093C5A8 /* copilot source editor */ = {
			isa = PBXNativeTarget;
			buildConfigurationList = C5BF9E4E2D83C32F0093C5A8 /* Build configuration list for PBXNativeTarget "copilot source editor" */;
			buildPhases = (
				C5BF9E3D2D83C32F0093C5A8 /* Sources */,
				C5BF9E3E2D83C32F0093C5A8 /* Frameworks */,
				C5BF9E3F2D83C32F0093C5A8 /* Resources */,
			);
			buildRules = (
			);
			dependencies = (
			);
			fileSystemSynchronizedGroups = (
				C5BF9E462D83C32F0093C5A8 /* copilot source editor */,
			);
			name = "copilot source editor";
			packageProductDependencies = (
			);
			productName = "copilot source editor";
			productReference = C5BF9E412D83C32F0093C5A8 /* copilot source editor.appex */;
			productType = "com.apple.product-type.xcode-extension";
		};
		C5DAE7D62BFC7B220001E794 /* N3ON */ = {
			isa = PBXNativeTarget;
			buildConfigurationList = C5DAE7EA2BFC7B240001E794 /* Build configuration list for PBXNativeTarget "N3ON" */;
			buildPhases = (
				C5DAE7D32BFC7B220001E794 /* Sources */,
				C5DAE7D42BFC7B220001E794 /* Frameworks */,
				C5DAE7D52BFC7B220001E794 /* Resources */,
				C55E7B132C5AD4A200B142E2 /* Copy Headers */,
				C55E7B142C5AD58200B142E2 /* Headers */,
			);
			buildRules = (
			);
			dependencies = (
			);
			fileSystemSynchronizedGroups = (
				C5098E712DD1E2C800BA39B6 /* Utilities */,
				C5098E722DD1E2DF00BA39B6 /* Visuals */,
			);
			name = N3ON;
			packageProductDependencies = (
				C59FCD952D54681700DBCA1B /* AWSAPIPlugin */,
				C59FCD972D54681700DBCA1B /* AWSCognitoAuthPlugin */,
				C59FCD992D54681700DBCA1B /* AWSDataStorePlugin */,
				C59FCD9B2D54681700DBCA1B /* AWSPluginsCore */,
				C59FCD9D2D54681700DBCA1B /* AWSS3StoragePlugin */,
				C59FCD9F2D54681700DBCA1B /* Amplify */,
			);
			productName = N3ON;
			productReference = C5DAE7D72BFC7B220001E794 /* N3ON.app */;
			productType = "com.apple.product-type.application";
		};
/* End PBXNativeTarget section */

/* Begin PBXProject section */
		C5DAE7CF2BFC7B220001E794 /* Project object */ = {
			isa = PBXProject;
			attributes = {
				BuildIndependentTargetsInParallel = 1;
				LastSwiftUpdateCheck = 1620;
				LastUpgradeCheck = 1640;
				TargetAttributes = {
					C5BF9E402D83C32F0093C5A8 = {
						CreatedOnToolsVersion = 16.2;
					};
					C5DAE7D62BFC7B220001E794 = {
						CreatedOnToolsVersion = 14.3.1;
					};
				};
			};
			buildConfigurationList = C5DAE7D22BFC7B220001E794 /* Build configuration list for PBXProject "N3ON" */;
			compatibilityVersion = "Xcode 14.0";
			developmentRegion = en;
			hasScannedForEncodings = 0;
			knownRegions = (
				en,
				Base,
			);
			mainGroup = C5DAE7CE2BFC7B220001E794;
			packageReferences = (
				C59FCD942D54681700DBCA1B /* XCRemoteSwiftPackageReference "amplify-swift" */,
			);
			productRefGroup = C5DAE7D82BFC7B220001E794 /* Products */;
			projectDirPath = "";
			projectRoot = "";
			targets = (
				C5DAE7D62BFC7B220001E794 /* N3ON */,
				C5BF9E402D83C32F0093C5A8 /* copilot source editor */,
			);
		};
/* End PBXProject section */

/* Begin PBXResourcesBuildPhase section */
		C5BF9E3F2D83C32F0093C5A8 /* Resources */ = {
			isa = PBXResourcesBuildPhase;
			buildActionMask = 2147483647;
			files = (
			);
			runOnlyForDeploymentPostprocessing = 0;
		};
		C5DAE7D52BFC7B220001E794 /* Resources */ = {
			isa = PBXResourcesBuildPhase;
			buildActionMask = 2147483647;
			files = (
				C5DAE7E22BFC7B240001E794 /* Preview Assets.xcassets in Resources */,
				C5DAE7DF2BFC7B240001E794 /* Assets.xcassets in Resources */,
				B6F12E4BD05A47A67D947CB7 /* awsconfiguration.json in Resources */,
				0A8AA28843B3A85038ABBE45 /* amplifyconfiguration.json in Resources */,
			);
			runOnlyForDeploymentPostprocessing = 0;
		};
/* End PBXResourcesBuildPhase section */

/* Begin PBXSourcesBuildPhase section */
		C5BF9E3D2D83C32F0093C5A8 /* Sources */ = {
			isa = PBXSourcesBuildPhase;
			buildActionMask = 2147483647;
			files = (
				C5DD98582DCDB45F00431EC5 /* Message+Equatable.swift in Sources */,
				C57BA43E2E6D5CBA00E80A53 /* UnreadCounterVM.swift in Sources */,
			);
			runOnlyForDeploymentPostprocessing = 0;
		};
		C5DAE7D32BFC7B220001E794 /* Sources */ = {
			isa = PBXSourcesBuildPhase;
			buildActionMask = 2147483647;
			files = (
				C57BA9562E7430D700E80A53 /* AmplifyModels.swift in Sources */,
				C5DAE8012BFCFF0E0001E794 /* SignupView.swift in Sources */,
				C5DAE7E42BFC7B240001E794 /* Persistence.swift in Sources */,
				C5BD1B532C1F2FBA00A7239A /* LoginView.swift in Sources */,
				C5DAE7DD2BFC7B220001E794 /* ContentView.swift in Sources */,
				C5DAE7DB2BFC7B220001E794 /* N3ONApp.swift in Sources */,
				C5DAE7E72BFC7B240001E794 /* N3ON.xcdatamodeld in Sources */,
				F190EF1193BE9565E1FCE506 /* User+Schema.swift in Sources */,
				C584B6D02C273AC000E4223E /* Colour.swift in Sources */,
				6403970383B1CF60D324C0B3 /* User.swift in Sources */,
				C5DAE8032BFCFF700001E794 /* ConfirmationSignupView.swift in Sources */,
				ACD735FE7536294206CAD5B6 /* ChatRoom+Schema.swift in Sources */,
				42748682F9F388F3B12E0223 /* ChatRoom.swift in Sources */,
				8304024E56364CF6B6FA78DB /* Message+Schema.swift in Sources */,
				9F9A22652344BDC328BA683D /* Message.swift in Sources */,
				0AE2AF557D5417132C04B84C /* UserChatRooms+Schema.swift in Sources */,
				377E184A71F811ED3FC3353F /* UserChatRooms.swift in Sources */,
				D1032F77A569357854DDC029 /* Venue+Schema.swift in Sources */,
				F3D1DE6843FA3086E325D1C2 /* Venue.swift in Sources */,
				16C9F523DC8BA3B9E75D3879 /* DailyUserCount+Schema.swift in Sources */,
				08F31AF876CBBE10BC5197CE /* DailyUserCount.swift in Sources */,
				23885C44BD1583A2800B4C06 /* Review+Schema.swift in Sources */,
				C5DD98592DCDB45F00431EC5 /* Message+Equatable.swift in Sources */,
				2CAD03755C851FA1B75EE02D /* Review.swift in Sources */,
				F6163EE2CBB6DAC6E8909745 /* Attendance+Schema.swift in Sources */,
				C57BA43F2E6D5CBA00E80A53 /* UnreadCounterVM.swift in Sources */,
				0BC771A750D0D3944CA5FA96 /* Attendance.swift in Sources */,
				C63B4C1D51229DA1F8D63C5A /* EndorsementRequest+Schema.swift in Sources */,
				D1F962975CDB1592D2895257 /* EndorsementRequest.swift in Sources */,
				3474B93EA00C21D7A3DDFBF8 /* Event+Schema.swift in Sources */,
				B8C71EFB919ED22AA6A8CF86 /* Event.swift in Sources */,
				159EAB664563051D4D02F268 /* Post+Schema.swift in Sources */,
				CA3AF85CCBC7321939FCB01B /* Ticket+Schema.swift in Sources */,
				754F6FD9A946B3CCBDE90417 /* Ticket.swift in Sources */,
				C57BA2AF2E574CF500E80A53 /* AuthService.swift in Sources */,
			);
			runOnlyForDeploymentPostprocessing = 0;
		};
/* End PBXSourcesBuildPhase section */

/* Begin XCBuildConfiguration section */
		C5BF9E4F2D83C32F0093C5A8 /* Debug */ = {
			isa = XCBuildConfiguration;
			buildSettings = {
				CODE_SIGN_ENTITLEMENTS = "copilot source editor/copilot_source_editor.entitlements";
				"CODE_SIGN_IDENTITY[sdk=macosx*]" = "Apple Development";
				CODE_SIGN_STYLE = Automatic;
				COMBINE_HIDPI_IMAGES = YES;
				CURRENT_PROJECT_VERSION = 1;
				DEAD_CODE_STRIPPING = YES;
				DEVELOPMENT_TEAM = 8X4733B3NF;
				ENABLE_HARDENED_RUNTIME = YES;
				GCC_C_LANGUAGE_STANDARD = gnu17;
				GENERATE_INFOPLIST_FILE = YES;
				INFOPLIST_FILE = "copilot source editor/Info.plist";
				INFOPLIST_KEY_CFBundleDisplayName = "copilot source editor";
				INFOPLIST_KEY_NSHumanReadableCopyright = "";
				LD_RUNPATH_SEARCH_PATHS = (
					"$(inherited)",
					"@executable_path/../Frameworks",
					"@executable_path/../../../../Frameworks",
				);
				LOCALIZATION_PREFERS_STRING_CATALOGS = YES;
				MACOSX_DEPLOYMENT_TARGET = 15.2;
				MARKETING_VERSION = 1.0;
				PRODUCT_BUNDLE_IDENTIFIER = "NEON-CO.copilot-source-editor";
				PRODUCT_NAME = "$(TARGET_NAME)";
				SDKROOT = macosx;
				SKIP_INSTALL = YES;
				SWIFT_ACTIVE_COMPILATION_CONDITIONS = "DEBUG $(inherited)";
				SWIFT_EMIT_LOC_STRINGS = YES;
				SWIFT_VERSION = 5.0;
			};
			name = Debug;
		};
		C5BF9E502D83C32F0093C5A8 /* Release */ = {
			isa = XCBuildConfiguration;
			buildSettings = {
				CODE_SIGN_ENTITLEMENTS = "copilot source editor/copilot_source_editor.entitlements";
				"CODE_SIGN_IDENTITY[sdk=macosx*]" = "Apple Development";
				CODE_SIGN_STYLE = Automatic;
				COMBINE_HIDPI_IMAGES = YES;
				CURRENT_PROJECT_VERSION = 1;
				DEAD_CODE_STRIPPING = YES;
				DEVELOPMENT_TEAM = 8X4733B3NF;
				ENABLE_HARDENED_RUNTIME = YES;
				GCC_C_LANGUAGE_STANDARD = gnu17;
				GENERATE_INFOPLIST_FILE = YES;
				INFOPLIST_FILE = "copilot source editor/Info.plist";
				INFOPLIST_KEY_CFBundleDisplayName = "copilot source editor";
				INFOPLIST_KEY_NSHumanReadableCopyright = "";
				LD_RUNPATH_SEARCH_PATHS = (
					"$(inherited)",
					"@executable_path/../Frameworks",
					"@executable_path/../../../../Frameworks",
				);
				LOCALIZATION_PREFERS_STRING_CATALOGS = YES;
				MACOSX_DEPLOYMENT_TARGET = 15.2;
				MARKETING_VERSION = 1.0;
				PRODUCT_BUNDLE_IDENTIFIER = "NEON-CO.copilot-source-editor";
				PRODUCT_NAME = "$(TARGET_NAME)";
				SDKROOT = macosx;
				SKIP_INSTALL = YES;
				SWIFT_EMIT_LOC_STRINGS = YES;
				SWIFT_VERSION = 5.0;
			};
			name = Release;
		};
		C5DAE7E82BFC7B240001E794 /* Debug */ = {
			isa = XCBuildConfiguration;
			buildSettings = {
				ALWAYS_SEARCH_USER_PATHS = NO;
				ASSETCATALOG_COMPILER_GENERATE_SWIFT_ASSET_SYMBOL_EXTENSIONS = YES;
				CLANG_ANALYZER_NONNULL = YES;
				CLANG_ANALYZER_NUMBER_OBJECT_CONVERSION = YES_AGGRESSIVE;
				CLANG_CXX_LANGUAGE_STANDARD = "gnu++20";
				CLANG_ENABLE_MODULES = YES;
				CLANG_ENABLE_OBJC_ARC = YES;
				CLANG_ENABLE_OBJC_WEAK = YES;
				CLANG_WARN_BLOCK_CAPTURE_AUTORELEASING = YES;
				CLANG_WARN_BOOL_CONVERSION = YES;
				CLANG_WARN_COMMA = YES;
				CLANG_WARN_CONSTANT_CONVERSION = YES;
				CLANG_WARN_DEPRECATED_OBJC_IMPLEMENTATIONS = YES;
				CLANG_WARN_DIRECT_OBJC_ISA_USAGE = YES_ERROR;
				CLANG_WARN_DOCUMENTATION_COMMENTS = YES;
				CLANG_WARN_EMPTY_BODY = YES;
				CLANG_WARN_ENUM_CONVERSION = YES;
				CLANG_WARN_INFINITE_RECURSION = YES;
				CLANG_WARN_INT_CONVERSION = YES;
				CLANG_WARN_NON_LITERAL_NULL_CONVERSION = YES;
				CLANG_WARN_OBJC_IMPLICIT_RETAIN_SELF = YES;
				CLANG_WARN_OBJC_LITERAL_CONVERSION = YES;
				CLANG_WARN_OBJC_ROOT_CLASS = YES_ERROR;
				CLANG_WARN_QUOTED_INCLUDE_IN_FRAMEWORK_HEADER = YES;
				CLANG_WARN_RANGE_LOOP_ANALYSIS = YES;
				CLANG_WARN_STRICT_PROTOTYPES = YES;
				CLANG_WARN_SUSPICIOUS_MOVE = YES;
				CLANG_WARN_UNGUARDED_AVAILABILITY = YES_AGGRESSIVE;
				CLANG_WARN_UNREACHABLE_CODE = YES;
				CLANG_WARN__DUPLICATE_METHOD_MATCH = YES;
				CODE_SIGN_IDENTITY = "Apple Development: liamhowe2644@gmail.com (N535Y49FXD)";
				COPY_PHASE_STRIP = NO;
				DEBUG_INFORMATION_FORMAT = dwarf;
				DEFINES_MODULE = YES;
				ENABLE_MODULE_VERIFIER = YES;
				ENABLE_STRICT_OBJC_MSGSEND = YES;
				ENABLE_TESTABILITY = YES;
				ENABLE_USER_SCRIPT_SANDBOXING = YES;
				GCC_C_LANGUAGE_STANDARD = gnu11;
				GCC_DYNAMIC_NO_PIC = NO;
				GCC_NO_COMMON_BLOCKS = YES;
				GCC_OPTIMIZATION_LEVEL = 0;
				GCC_PREPROCESSOR_DEFINITIONS = (
					"DEBUG=1",
					"$(inherited)",
				);
				GCC_WARN_64_TO_32_BIT_CONVERSION = YES;
				GCC_WARN_ABOUT_RETURN_TYPE = YES_ERROR;
				GCC_WARN_UNDECLARED_SELECTOR = YES;
				GCC_WARN_UNINITIALIZED_AUTOS = YES_AGGRESSIVE;
				GCC_WARN_UNUSED_FUNCTION = YES;
				GCC_WARN_UNUSED_VARIABLE = YES;
				IPHONEOS_DEPLOYMENT_TARGET = 16.4;
				MODULE_VERIFIER_SUPPORTED_LANGUAGE_STANDARDS = "gnu11 gnu++20";
				MTL_ENABLE_DEBUG_INFO = INCLUDE_SOURCE;
				MTL_FAST_MATH = YES;
				ONLY_ACTIVE_ARCH = YES;
				SDKROOT = iphoneos;
				SWIFT_ACTIVE_COMPILATION_CONDITIONS = DEBUG;
				SWIFT_OPTIMIZATION_LEVEL = "-Onone";
			};
			name = Debug;
		};
		C5DAE7E92BFC7B240001E794 /* Release */ = {
			isa = XCBuildConfiguration;
			buildSettings = {
				ALWAYS_SEARCH_USER_PATHS = NO;
				ASSETCATALOG_COMPILER_GENERATE_SWIFT_ASSET_SYMBOL_EXTENSIONS = YES;
				CLANG_ANALYZER_NONNULL = YES;
				CLANG_ANALYZER_NUMBER_OBJECT_CONVERSION = YES_AGGRESSIVE;
				CLANG_CXX_LANGUAGE_STANDARD = "gnu++20";
				CLANG_ENABLE_MODULES = YES;
				CLANG_ENABLE_OBJC_ARC = YES;
				CLANG_ENABLE_OBJC_WEAK = YES;
				CLANG_WARN_BLOCK_CAPTURE_AUTORELEASING = YES;
				CLANG_WARN_BOOL_CONVERSION = YES;
				CLANG_WARN_COMMA = YES;
				CLANG_WARN_CONSTANT_CONVERSION = YES;
				CLANG_WARN_DEPRECATED_OBJC_IMPLEMENTATIONS = YES;
				CLANG_WARN_DIRECT_OBJC_ISA_USAGE = YES_ERROR;
				CLANG_WARN_DOCUMENTATION_COMMENTS = YES;
				CLANG_WARN_EMPTY_BODY = YES;
				CLANG_WARN_ENUM_CONVERSION = YES;
				CLANG_WARN_INFINITE_RECURSION = YES;
				CLANG_WARN_INT_CONVERSION = YES;
				CLANG_WARN_NON_LITERAL_NULL_CONVERSION = YES;
				CLANG_WARN_OBJC_IMPLICIT_RETAIN_SELF = YES;
				CLANG_WARN_OBJC_LITERAL_CONVERSION = YES;
				CLANG_WARN_OBJC_ROOT_CLASS = YES_ERROR;
				CLANG_WARN_QUOTED_INCLUDE_IN_FRAMEWORK_HEADER = YES;
				CLANG_WARN_RANGE_LOOP_ANALYSIS = YES;
				CLANG_WARN_STRICT_PROTOTYPES = YES;
				CLANG_WARN_SUSPICIOUS_MOVE = YES;
				CLANG_WARN_UNGUARDED_AVAILABILITY = YES_AGGRESSIVE;
				CLANG_WARN_UNREACHABLE_CODE = YES;
				CLANG_WARN__DUPLICATE_METHOD_MATCH = YES;
				CODE_SIGN_IDENTITY = "Apple Development: liamhowe2644@gmail.com (N535Y49FXD)";
				COPY_PHASE_STRIP = NO;
				DEBUG_INFORMATION_FORMAT = "dwarf-with-dsym";
				DEFINES_MODULE = YES;
				ENABLE_MODULE_VERIFIER = YES;
				ENABLE_NS_ASSERTIONS = NO;
				ENABLE_STRICT_OBJC_MSGSEND = YES;
				ENABLE_USER_SCRIPT_SANDBOXING = YES;
				GCC_C_LANGUAGE_STANDARD = gnu11;
				GCC_NO_COMMON_BLOCKS = YES;
				GCC_WARN_64_TO_32_BIT_CONVERSION = YES;
				GCC_WARN_ABOUT_RETURN_TYPE = YES_ERROR;
				GCC_WARN_UNDECLARED_SELECTOR = YES;
				GCC_WARN_UNINITIALIZED_AUTOS = YES_AGGRESSIVE;
				GCC_WARN_UNUSED_FUNCTION = YES;
				GCC_WARN_UNUSED_VARIABLE = YES;
				IPHONEOS_DEPLOYMENT_TARGET = 16.4;
				MODULE_VERIFIER_SUPPORTED_LANGUAGE_STANDARDS = "gnu11 gnu++20";
				MTL_ENABLE_DEBUG_INFO = NO;
				MTL_FAST_MATH = YES;
				SDKROOT = iphoneos;
				SWIFT_COMPILATION_MODE = wholemodule;
				SWIFT_OPTIMIZATION_LEVEL = "-O";
				VALIDATE_PRODUCT = YES;
			};
			name = Release;
		};
		C5DAE7EB2BFC7B240001E794 /* Debug */ = {
			isa = XCBuildConfiguration;
			buildSettings = {
				ASSETCATALOG_COMPILER_APPICON_NAME = AppIcon;
				ASSETCATALOG_COMPILER_GLOBAL_ACCENT_COLOR_NAME = AccentColor;
				CODE_SIGN_IDENTITY = "Apple Development";
				CODE_SIGN_STYLE = Automatic;
				CURRENT_PROJECT_VERSION = 1;
				DEFINES_MODULE = YES;
				DEVELOPMENT_ASSET_PATHS = "\"N3ON/Preview Content\"";
				DEVELOPMENT_TEAM = 8X4733B3NF;
				ENABLE_MODULE_VERIFIER = YES;
				ENABLE_PREVIEWS = YES;
				GENERATE_INFOPLIST_FILE = YES;
				INFOPLIST_FILE = N3ON/Info.plist;
				INFOPLIST_KEY_UIApplicationSceneManifest_Generation = YES;
				INFOPLIST_KEY_UIApplicationSupportsIndirectInputEvents = YES;
				INFOPLIST_KEY_UILaunchScreen_Generation = YES;
				INFOPLIST_KEY_UISupportedInterfaceOrientations_iPad = "UIInterfaceOrientationPortrait UIInterfaceOrientationPortraitUpsideDown UIInterfaceOrientationLandscapeLeft UIInterfaceOrientationLandscapeRight";
				INFOPLIST_KEY_UISupportedInterfaceOrientations_iPhone = "UIInterfaceOrientationPortrait UIInterfaceOrientationLandscapeLeft UIInterfaceOrientationLandscapeRight";
				LD_RUNPATH_SEARCH_PATHS = (
					"$(inherited)",
					"@executable_path/Frameworks",
				);
				MARKETING_VERSION = 1.0;
				MODULE_VERIFIER_SUPPORTED_LANGUAGE_STANDARDS = "gnu11 gnu++20";
				"OTHER_LDFLAGS[arch=*]" = "-ObjC";
				PRODUCT_BUNDLE_IDENTIFIER = "NEON-CO.N3ON";
				PRODUCT_NAME = "$(TARGET_NAME)";
				PROVISIONING_PROFILE_SPECIFIER = "";
				SWIFT_EMIT_LOC_STRINGS = YES;
				SWIFT_VERSION = 5.0;
				TARGETED_DEVICE_FAMILY = "1,2";
			};
			name = Debug;
		};
		C5DAE7EC2BFC7B240001E794 /* Release */ = {
			isa = XCBuildConfiguration;
			buildSettings = {
				ASSETCATALOG_COMPILER_APPICON_NAME = AppIcon;
				ASSETCATALOG_COMPILER_GLOBAL_ACCENT_COLOR_NAME = AccentColor;
				CODE_SIGN_IDENTITY = "Apple Development";
				CODE_SIGN_STYLE = Automatic;
				CURRENT_PROJECT_VERSION = 1;
				DEFINES_MODULE = YES;
				DEVELOPMENT_ASSET_PATHS = "\"N3ON/Preview Content\"";
				DEVELOPMENT_TEAM = 8X4733B3NF;
				ENABLE_MODULE_VERIFIER = YES;
				ENABLE_PREVIEWS = YES;
				GENERATE_INFOPLIST_FILE = YES;
				INFOPLIST_FILE = N3ON/Info.plist;
				INFOPLIST_KEY_UIApplicationSceneManifest_Generation = YES;
				INFOPLIST_KEY_UIApplicationSupportsIndirectInputEvents = YES;
				INFOPLIST_KEY_UILaunchScreen_Generation = YES;
				INFOPLIST_KEY_UISupportedInterfaceOrientations_iPad = "UIInterfaceOrientationPortrait UIInterfaceOrientationPortraitUpsideDown UIInterfaceOrientationLandscapeLeft UIInterfaceOrientationLandscapeRight";
				INFOPLIST_KEY_UISupportedInterfaceOrientations_iPhone = "UIInterfaceOrientationPortrait UIInterfaceOrientationLandscapeLeft UIInterfaceOrientationLandscapeRight";
				LD_RUNPATH_SEARCH_PATHS = (
					"$(inherited)",
					"@executable_path/Frameworks",
				);
				MARKETING_VERSION = 1.0;
				MODULE_VERIFIER_SUPPORTED_LANGUAGE_STANDARDS = "gnu11 gnu++20";
				"OTHER_LDFLAGS[arch=*]" = "-ObjC";
				PRODUCT_BUNDLE_IDENTIFIER = "NEON-CO.N3ON";
				PRODUCT_NAME = "$(TARGET_NAME)";
				PROVISIONING_PROFILE_SPECIFIER = "";
				SWIFT_EMIT_LOC_STRINGS = YES;
				SWIFT_VERSION = 5.0;
				TARGETED_DEVICE_FAMILY = "1,2";
			};
			name = Release;
		};
/* End XCBuildConfiguration section */

/* Begin XCConfigurationList section */
		C5BF9E4E2D83C32F0093C5A8 /* Build configuration list for PBXNativeTarget "copilot source editor" */ = {
			isa = XCConfigurationList;
			buildConfigurations = (
				C5BF9E4F2D83C32F0093C5A8 /* Debug */,
				C5BF9E502D83C32F0093C5A8 /* Release */,
			);
			defaultConfigurationIsVisible = 0;
			defaultConfigurationName = Release;
		};
		C5DAE7D22BFC7B220001E794 /* Build configuration list for PBXProject "N3ON" */ = {
			isa = XCConfigurationList;
			buildConfigurations = (
				C5DAE7E82BFC7B240001E794 /* Debug */,
				C5DAE7E92BFC7B240001E794 /* Release */,
			);
			defaultConfigurationIsVisible = 0;
			defaultConfigurationName = Release;
		};
		C5DAE7EA2BFC7B240001E794 /* Build configuration list for PBXNativeTarget "N3ON" */ = {
			isa = XCConfigurationList;
			buildConfigurations = (
				C5DAE7EB2BFC7B240001E794 /* Debug */,
				C5DAE7EC2BFC7B240001E794 /* Release */,
			);
			defaultConfigurationIsVisible = 0;
			defaultConfigurationName = Release;
		};
/* End XCConfigurationList section */

/* Begin XCRemoteSwiftPackageReference section */
		C59FCD942D54681700DBCA1B /* XCRemoteSwiftPackageReference "amplify-swift" */ = {
			isa = XCRemoteSwiftPackageReference;
			repositoryURL = "https://github.com/aws-amplify/amplify-swift";
			requirement = {
				kind = upToNextMajorVersion;
				minimumVersion = 2.45.4;
			};
		};
/* End XCRemoteSwiftPackageReference section */

/* Begin XCSwiftPackageProductDependency section */
		C59FCD952D54681700DBCA1B /* AWSAPIPlugin */ = {
			isa = XCSwiftPackageProductDependency;
			package = C59FCD942D54681700DBCA1B /* XCRemoteSwiftPackageReference "amplify-swift" */;
			productName = AWSAPIPlugin;
		};
		C59FCD972D54681700DBCA1B /* AWSCognitoAuthPlugin */ = {
			isa = XCSwiftPackageProductDependency;
			package = C59FCD942D54681700DBCA1B /* XCRemoteSwiftPackageReference "amplify-swift" */;
			productName = AWSCognitoAuthPlugin;
		};
		C59FCD992D54681700DBCA1B /* AWSDataStorePlugin */ = {
			isa = XCSwiftPackageProductDependency;
			package = C59FCD942D54681700DBCA1B /* XCRemoteSwiftPackageReference "amplify-swift" */;
			productName = AWSDataStorePlugin;
		};
		C59FCD9B2D54681700DBCA1B /* AWSPluginsCore */ = {
			isa = XCSwiftPackageProductDependency;
			package = C59FCD942D54681700DBCA1B /* XCRemoteSwiftPackageReference "amplify-swift" */;
			productName = AWSPluginsCore;
		};
		C59FCD9D2D54681700DBCA1B /* AWSS3StoragePlugin */ = {
			isa = XCSwiftPackageProductDependency;
			package = C59FCD942D54681700DBCA1B /* XCRemoteSwiftPackageReference "amplify-swift" */;
			productName = AWSS3StoragePlugin;
		};
		C59FCD9F2D54681700DBCA1B /* Amplify */ = {
			isa = XCSwiftPackageProductDependency;
			package = C59FCD942D54681700DBCA1B /* XCRemoteSwiftPackageReference "amplify-swift" */;
			productName = Amplify;
		};
/* End XCSwiftPackageProductDependency section */

/* Begin XCVersionGroup section */
		C5DAE7E52BFC7B240001E794 /* N3ON.xcdatamodeld */ = {
			isa = XCVersionGroup;
			children = (
				C5DAE7E62BFC7B240001E794 /* N3ON.xcdatamodel */,
			);
			currentVersion = C5DAE7E62BFC7B240001E794 /* N3ON.xcdatamodel */;
			path = N3ON.xcdatamodeld;
			sourceTree = "<group>";
			versionGroupType = wrapper.xcdatamodel;
		};
/* End XCVersionGroup section */
	};
	rootObject = C5DAE7CF2BFC7B220001E794 /* Project object */;
}
